
Microsoft Visual Studio Solution File, Format Version 12.00
# Visual Studio Version 17
VisualStudioVersion = 17.9.34902.65
MinimumVisualStudioVersion = 10.0.40219.1
Project("{FAE04EC0-301F-11D3-BF4B-00C04F79EFBC}") = "wcTool", "wcTool\wcTool.csproj", "{8746C874-5F8E-4840-AC9C-B9B5A78426A1}"
EndProject
Global
	GlobalSection(SolutionConfigurationPlatforms) = preSolution
		Debug|Any CPU = Debug|Any CPU
		Release|Any CPU = Release|Any CPU
	EndGlobalSection
	GlobalSection(ProjectConfigurationPlatforms) = postSolution
		{8746C874-5F8E-4840-AC9C-B9B5A78426A1}.Debug|Any CPU.ActiveCfg = Debug|Any CPU
		{8746C874-5F8E-4840-AC9C-B9B5A78426A1}.Debug|Any CPU.Build.0 = Debug|Any CPU
		{8746C874-5F8E-4840-AC9C-B9B5A78426A1}.Release|Any CPU.ActiveCfg = Release|Any CPU
		{8746C874-5F8E-4840-AC9C-B9B5A78426A1}.Release|Any CPU.Build.0 = Release|Any CPU
	EndGlobalSection
	GlobalSection(SolutionProperties) = preSolution
		HideSolutionNode = FALSE
	EndGlobalSection
	GlobalSection(ExtensibilityGlobals) = postSolution
		SolutionGuid = {93CFDBE9-931A-4306-9BA0-B97774D8C06B}
	EndGlobalSection
EndGlobal
